
Microsoft Visual Studio Solution File, Format Version 12.00
# Visual Studio Version 16
VisualStudioVersion = 25.0.1700.0
MinimumVisualStudioVersion = 10.0.40219.1
Project("{FAE04EC0-301F-11D3-BF4B-00C04F79EFBC}") = "restaurant-api", "restaurant-api\restaurant-api.csproj", "{E447551D-0220-4979-9170-C0669F7AA753}"
EndProject
Global
	GlobalSection(SolutionConfigurationPlatforms) = preSolution
		Debug|Any CPU = Debug|Any CPU
		Release|Any CPU = Release|Any CPU
	EndGlobalSection
	GlobalSection(ProjectConfigurationPlatforms) = postSolution
		{E447551D-0220-4979-9170-C0669F7AA753}.Debug|Any CPU.ActiveCfg = Debug|Any CPU
		{E447551D-0220-4979-9170-C0669F7AA753}.Debug|Any CPU.Build.0 = Debug|Any CPU
		{E447551D-0220-4979-9170-C0669F7AA753}.Release|Any CPU.ActiveCfg = Release|Any CPU
		{E447551D-0220-4979-9170-C0669F7AA753}.Release|Any CPU.Build.0 = Release|Any CPU
	EndGlobalSection
	GlobalSection(SolutionProperties) = preSolution
		HideSolutionNode = FALSE
	EndGlobalSection
	GlobalSection(ExtensibilityGlobals) = postSolution
		SolutionGuid = {3A183BC0-2DB7-4FB0-966B-A4B1A3ACBF0B}
	EndGlobalSection
EndGlobal
